
Microsoft Visual Studio Solution File, Format Version 12.00
# Visual Studio Version 16
VisualStudioVersion = 16.0.28803.352
MinimumVisualStudioVersion = 10.0.40219.1
Project("{FAE04EC0-301F-11D3-BF4B-00C04F79EFBC}") = "test1", "test1\test1.csproj", "{88D76797-296F-4D84-BD47-B64AEC626C87}"
EndProject
Global
	GlobalSection(SolutionConfigurationPlatforms) = preSolution
		Debug|Any CPU = Debug|Any CPU
		Release|Any CPU = Release|Any CPU
	EndGlobalSection
	GlobalSection(ProjectConfigurationPlatforms) = postSolution
		{88D76797-296F-4D84-BD47-B64AEC626C87}.Debug|Any CPU.ActiveCfg = Debug|Any CPU
		{88D76797-296F-4D84-BD47-B64AEC626C87}.Debug|Any CPU.Build.0 = Debug|Any CPU
		{88D76797-296F-4D84-BD47-B64AEC626C87}.Release|Any CPU.ActiveCfg = Release|Any CPU
		{88D76797-296F-4D84-BD47-B64AEC626C87}.Release|Any CPU.Build.0 = Release|Any CPU
	EndGlobalSection
	GlobalSection(SolutionProperties) = preSolution
		HideSolutionNode = FALSE
	EndGlobalSection
	GlobalSection(ExtensibilityGlobals) = postSolution
		SolutionGuid = {63E75506-6D82-4FE3-A9EF-36AB6917C8A1}
	EndGlobalSection
EndGlobal
